
Microsoft Visual Studio Solution File, Format Version 12.00
# Visual Studio Version 16
VisualStudioVersion = 16.0.31321.278
MinimumVisualStudioVersion = 10.0.40219.1
Project("{FAE04EC0-301F-11D3-BF4B-00C04F79EFBC}") = "Nobeldijasok", "Nobeldijasok\Nobeldijasok.csproj", "{5815CCE3-8FFF-4705-81F2-B7235CF90F75}"
EndProject
Global
	GlobalSection(SolutionConfigurationPlatforms) = preSolution
		Debug|Any CPU = Debug|Any CPU
		Release|Any CPU = Release|Any CPU
	EndGlobalSection
	GlobalSection(ProjectConfigurationPlatforms) = postSolution
		{5815CCE3-8FFF-4705-81F2-B7235CF90F75}.Debug|Any CPU.ActiveCfg = Debug|Any CPU
		{5815CCE3-8FFF-4705-81F2-B7235CF90F75}.Debug|Any CPU.Build.0 = Debug|Any CPU
		{5815CCE3-8FFF-4705-81F2-B7235CF90F75}.Release|Any CPU.ActiveCfg = Release|Any CPU
		{5815CCE3-8FFF-4705-81F2-B7235CF90F75}.Release|Any CPU.Build.0 = Release|Any CPU
	EndGlobalSection
	GlobalSection(SolutionProperties) = preSolution
		HideSolutionNode = FALSE
	EndGlobalSection
	GlobalSection(ExtensibilityGlobals) = postSolution
		SolutionGuid = {03611080-2C71-480B-8D7B-1148CB02B9FD}
	EndGlobalSection
EndGlobal
